
Microsoft Visual Studio Solution File, Format Version 12.00
# Visual Studio Version 17
VisualStudioVersion = 17.8.34408.163
MinimumVisualStudioVersion = 10.0.40219.1
Project("{9A19103F-16F7-4668-BE54-9A1E7A4F7556}") = "aspnet-react-store.API", "aspnet-react-store.API\aspnet-react-store.API.csproj", "{722B35BD-76AA-49F2-BCE7-1B0B6F905E2A}"
EndProject
Project("{54A90642-561A-4BB1-A94E-469ADEE60C69}") = "aspnet-react-store.client", "aspnet-react-store.client\aspnet-react-store.client.esproj", "{4A03A467-ACEB-4DA6-AFFF-5282DBFA8240}"
EndProject
Project("{9A19103F-16F7-4668-BE54-9A1E7A4F7556}") = "aspnet-react-store.DataAccess", "aspnet-react-store.DataAccess\aspnet-react-store.DataAccess.csproj", "{7D5B1C5C-656B-4A11-A042-56411580E95D}"
EndProject
Project("{9A19103F-16F7-4668-BE54-9A1E7A4F7556}") = "aspnet-react-store.Domain", "aspnet-react-store.Domain\aspnet-react-store.Domain.csproj", "{C96445DE-65D4-4792-81CA-48A53F86D328}"
EndProject
Project("{FAE04EC0-301F-11D3-BF4B-00C04F79EFBC}") = "aspnet-react-store.Application", "aspnet-react-store.Application\aspnet-react-store.Application.csproj", "{EA0FEEEC-9459-405E-80B7-91A44A1396DB}"
EndProject
Global
	GlobalSection(SolutionConfigurationPlatforms) = preSolution
		Debug|Any CPU = Debug|Any CPU
		Release|Any CPU = Release|Any CPU
	EndGlobalSection
	GlobalSection(ProjectConfigurationPlatforms) = postSolution
		{722B35BD-76AA-49F2-BCE7-1B0B6F905E2A}.Debug|Any CPU.ActiveCfg = Debug|Any CPU
		{722B35BD-76AA-49F2-BCE7-1B0B6F905E2A}.Debug|Any CPU.Build.0 = Debug|Any CPU
		{722B35BD-76AA-49F2-BCE7-1B0B6F905E2A}.Release|Any CPU.ActiveCfg = Release|Any CPU
		{722B35BD-76AA-49F2-BCE7-1B0B6F905E2A}.Release|Any CPU.Build.0 = Release|Any CPU
		{4A03A467-ACEB-4DA6-AFFF-5282DBFA8240}.Debug|Any CPU.ActiveCfg = Debug|Any CPU
		{4A03A467-ACEB-4DA6-AFFF-5282DBFA8240}.Debug|Any CPU.Build.0 = Debug|Any CPU
		{4A03A467-ACEB-4DA6-AFFF-5282DBFA8240}.Debug|Any CPU.Deploy.0 = Debug|Any CPU
		{4A03A467-ACEB-4DA6-AFFF-5282DBFA8240}.Release|Any CPU.ActiveCfg = Release|Any CPU
		{4A03A467-ACEB-4DA6-AFFF-5282DBFA8240}.Release|Any CPU.Build.0 = Release|Any CPU
		{4A03A467-ACEB-4DA6-AFFF-5282DBFA8240}.Release|Any CPU.Deploy.0 = Release|Any CPU
		{7D5B1C5C-656B-4A11-A042-56411580E95D}.Debug|Any CPU.ActiveCfg = Debug|Any CPU
		{7D5B1C5C-656B-4A11-A042-56411580E95D}.Debug|Any CPU.Build.0 = Debug|Any CPU
		{7D5B1C5C-656B-4A11-A042-56411580E95D}.Release|Any CPU.ActiveCfg = Release|Any CPU
		{7D5B1C5C-656B-4A11-A042-56411580E95D}.Release|Any CPU.Build.0 = Release|Any CPU
		{C96445DE-65D4-4792-81CA-48A53F86D328}.Debug|Any CPU.ActiveCfg = Debug|Any CPU
		{C96445DE-65D4-4792-81CA-48A53F86D328}.Debug|Any CPU.Build.0 = Debug|Any CPU
		{C96445DE-65D4-4792-81CA-48A53F86D328}.Release|Any CPU.ActiveCfg = Release|Any CPU
		{C96445DE-65D4-4792-81CA-48A53F86D328}.Release|Any CPU.Build.0 = Release|Any CPU
		{EA0FEEEC-9459-405E-80B7-91A44A1396DB}.Debug|Any CPU.ActiveCfg = Debug|Any CPU
		{EA0FEEEC-9459-405E-80B7-91A44A1396DB}.Debug|Any CPU.Build.0 = Debug|Any CPU
		{EA0FEEEC-9459-405E-80B7-91A44A1396DB}.Release|Any CPU.ActiveCfg = Release|Any CPU
		{EA0FEEEC-9459-405E-80B7-91A44A1396DB}.Release|Any CPU.Build.0 = Release|Any CPU
	EndGlobalSection
	GlobalSection(SolutionProperties) = preSolution
		HideSolutionNode = FALSE
	EndGlobalSection
	GlobalSection(ExtensibilityGlobals) = postSolution
		SolutionGuid = {6FDC574E-6677-4E48-9DD6-8124D763EC53}
	EndGlobalSection
EndGlobal
